{
  "name": "undrecreaitwins",
  "lockfileVersion": 3,
  "requires": true,
  "packages": {
    "": {
      "dependencies": {
        "@underundre/undev": "^0.1.0"
      }
    },
    "node_modules/@underundre/undev": {
      "version": "0.1.0",
      "resolved": "https://registry.npmjs.org/@underundre/undev/-/undev-0.1.0.tgz",
      "integrity": "sha512-0NhZAdPqblB6ZX/cZRSZg+jAoFpwke1RFvP8p64pPJXgmMXzsn483xjePk6ltTC4sKPAcu+bWdP02NR9S9aM4g==",
      "license": "MIT",
      "engines": {
        "node": ">=20.0.0"
      },
      "peerDependencies": {
        "eslint": ">=9.0.0",
        "prettier": ">=3.0.0",
        "typescript": ">=5.0.0"
      },
      "peerDependenciesMeta": {
        "eslint": {
          "optional": true
        },
        "prettier": {
          "optional": true
        },
        "typescript": {
          "optional": true
        }
      }
    }
  }
}
